
Microsoft Visual Studio Solution File, Format Version 12.00
# Visual Studio Version 16
VisualStudioVersion = 16.0.31019.35
MinimumVisualStudioVersion = 10.0.40219.1
Project("{FAE04EC0-301F-11D3-BF4B-00C04F79EFBC}") = "Jasuvis", "Jasuvis\Jasuvis.csproj", "{512C20AF-4CEE-4368-AF32-0A470BE2C35D}"
EndProject
Global
	GlobalSection(SolutionConfigurationPlatforms) = preSolution
		Debug|Any CPU = Debug|Any CPU
		Release|Any CPU = Release|Any CPU
	EndGlobalSection
	GlobalSection(ProjectConfigurationPlatforms) = postSolution
		{512C20AF-4CEE-4368-AF32-0A470BE2C35D}.Debug|Any CPU.ActiveCfg = Debug|Any CPU
		{512C20AF-4CEE-4368-AF32-0A470BE2C35D}.Debug|Any CPU.Build.0 = Debug|Any CPU
		{512C20AF-4CEE-4368-AF32-0A470BE2C35D}.Release|Any CPU.ActiveCfg = Release|Any CPU
		{512C20AF-4CEE-4368-AF32-0A470BE2C35D}.Release|Any CPU.Build.0 = Release|Any CPU
	EndGlobalSection
	GlobalSection(SolutionProperties) = preSolution
		HideSolutionNode = FALSE
	EndGlobalSection
	GlobalSection(ExtensibilityGlobals) = postSolution
		SolutionGuid = {F064C9DF-AE65-4DFE-BDDC-455394EA439F}
	EndGlobalSection
EndGlobal
